
Microsoft Visual Studio Solution File, Format Version 12.00
# Visual Studio Version 17
VisualStudioVersion = 17.13.35931.197 d17.13
MinimumVisualStudioVersion = 10.0.40219.1
Project("{FAE04EC0-301F-11D3-BF4B-00C04F79EFBC}") = "MathGame.MichaelKarcz", "MathGame.MichaelKarcz.csproj", "{8EF9F8FD-221F-47C4-8295-D5339B2837C1}"
EndProject
Global
	GlobalSection(SolutionConfigurationPlatforms) = preSolution
		Debug|Any CPU = Debug|Any CPU
		Release|Any CPU = Release|Any CPU
	EndGlobalSection
	GlobalSection(ProjectConfigurationPlatforms) = postSolution
		{8EF9F8FD-221F-47C4-8295-D5339B2837C1}.Debug|Any CPU.ActiveCfg = Debug|Any CPU
		{8EF9F8FD-221F-47C4-8295-D5339B2837C1}.Debug|Any CPU.Build.0 = Debug|Any CPU
		{8EF9F8FD-221F-47C4-8295-D5339B2837C1}.Release|Any CPU.ActiveCfg = Release|Any CPU
		{8EF9F8FD-221F-47C4-8295-D5339B2837C1}.Release|Any CPU.Build.0 = Release|Any CPU
	EndGlobalSection
	GlobalSection(SolutionProperties) = preSolution
		HideSolutionNode = FALSE
	EndGlobalSection
	GlobalSection(ExtensibilityGlobals) = postSolution
		SolutionGuid = {BC0D02BC-35E6-4C76-A068-88DF862DFDB7}
	EndGlobalSection
EndGlobal
